
Microsoft Visual Studio Solution File, Format Version 12.00
# Visual Studio Version 16
VisualStudioVersion = 16.0.29020.237
MinimumVisualStudioVersion = 10.0.40219.1
Project("{FAE04EC0-301F-11D3-BF4B-00C04F79EFBC}") = "Event.Web", "Event.Web\Event.Web.csproj", "{93297244-3807-422F-A4A0-277FD7AADC01}"
EndProject
Global
	GlobalSection(SolutionConfigurationPlatforms) = preSolution
		Debug|Any CPU = Debug|Any CPU
		Release|Any CPU = Release|Any CPU
	EndGlobalSection
	GlobalSection(ProjectConfigurationPlatforms) = postSolution
		{93297244-3807-422F-A4A0-277FD7AADC01}.Debug|Any CPU.ActiveCfg = Debug|Any CPU
		{93297244-3807-422F-A4A0-277FD7AADC01}.Debug|Any CPU.Build.0 = Debug|Any CPU
		{93297244-3807-422F-A4A0-277FD7AADC01}.Release|Any CPU.ActiveCfg = Release|Any CPU
		{93297244-3807-422F-A4A0-277FD7AADC01}.Release|Any CPU.Build.0 = Release|Any CPU
	EndGlobalSection
	GlobalSection(SolutionProperties) = preSolution
		HideSolutionNode = FALSE
	EndGlobalSection
	GlobalSection(ExtensibilityGlobals) = postSolution
		SolutionGuid = {79E047F4-D07E-47ED-8D29-95610A7FCD17}
	EndGlobalSection
EndGlobal
